{
  "name": "VideoCaptionsAI",
  "lockfileVersion": 3,
  "requires": true,
  "packages": {
    "": {
      "dependencies": {
        "driver.js": "^1.4.0"
      }
    },
    "node_modules/driver.js": {
      "version": "1.4.0",
      "resolved": "https://registry.npmjs.org/driver.js/-/driver.js-1.4.0.tgz",
      "integrity": "sha512-Gm64jm6PmcU+si21sQhBrTAM1JvUrR0QhNmjkprNLxohOBzul9+pNHXgQaT9lW84gwg9GMLB3NZGuGolsz5uew==",
      "license": "MIT"
    }
  }
}
